
Microsoft Visual Studio Solution File, Format Version 12.00
# Visual Studio 15
VisualStudioVersion = 15.0.27703.2042
MinimumVisualStudioVersion = 10.0.40219.1
Project("{FAE04EC0-301F-11D3-BF4B-00C04F79EFBC}") = "P-Alarm", "P-Alarm\P-Alarm.csproj", "{F23669B2-321B-4243-BF86-A36F705B0680}"
EndProject
Global
	GlobalSection(SolutionConfigurationPlatforms) = preSolution
		Debug|Any CPU = Debug|Any CPU
		Release|Any CPU = Release|Any CPU
	EndGlobalSection
	GlobalSection(ProjectConfigurationPlatforms) = postSolution
		{F23669B2-321B-4243-BF86-A36F705B0680}.Debug|Any CPU.ActiveCfg = Debug|Any CPU
		{F23669B2-321B-4243-BF86-A36F705B0680}.Debug|Any CPU.Build.0 = Debug|Any CPU
		{F23669B2-321B-4243-BF86-A36F705B0680}.Release|Any CPU.ActiveCfg = Release|Any CPU
		{F23669B2-321B-4243-BF86-A36F705B0680}.Release|Any CPU.Build.0 = Release|Any CPU
	EndGlobalSection
	GlobalSection(SolutionProperties) = preSolution
		HideSolutionNode = FALSE
	EndGlobalSection
	GlobalSection(ExtensibilityGlobals) = postSolution
		SolutionGuid = {86144949-2CF3-401D-AC42-A6F993E2FE36}
	EndGlobalSection
EndGlobal
